
Microsoft Visual Studio Solution File, Format Version 12.00
# Visual Studio Version 17
VisualStudioVersion = 17.2.32630.192
MinimumVisualStudioVersion = 10.0.40219.1
Project("{FAE04EC0-301F-11D3-BF4B-00C04F79EFBC}") = "_8_29_CS_study", "_8_29_CS_study\_8_29_CS_study.csproj", "{7B0C62E1-8A4A-49B1-B411-8BE62FBA65DB}"
EndProject
Global
	GlobalSection(SolutionConfigurationPlatforms) = preSolution
		Debug|Any CPU = Debug|Any CPU
		Release|Any CPU = Release|Any CPU
	EndGlobalSection
	GlobalSection(ProjectConfigurationPlatforms) = postSolution
		{7B0C62E1-8A4A-49B1-B411-8BE62FBA65DB}.Debug|Any CPU.ActiveCfg = Debug|Any CPU
		{7B0C62E1-8A4A-49B1-B411-8BE62FBA65DB}.Debug|Any CPU.Build.0 = Debug|Any CPU
		{7B0C62E1-8A4A-49B1-B411-8BE62FBA65DB}.Release|Any CPU.ActiveCfg = Release|Any CPU
		{7B0C62E1-8A4A-49B1-B411-8BE62FBA65DB}.Release|Any CPU.Build.0 = Release|Any CPU
	EndGlobalSection
	GlobalSection(SolutionProperties) = preSolution
		HideSolutionNode = FALSE
	EndGlobalSection
	GlobalSection(ExtensibilityGlobals) = postSolution
		SolutionGuid = {2EE0B768-E8C0-4523-9D94-6E8B258082A5}
	EndGlobalSection
EndGlobal
